Microsoft Visual Studio Solution File, Format Version 9.00
# Visual Studio 2005
Project("{FAE04EC0-301F-11D3-BF4B-00C04F79EFBC}") = "CustomizeWindowSolution.Module", "CustomizeWindowSolution.Module\CustomizeWindowSolution.Module.csproj", "{054D1953-BF69-46A2-8146-1451DC10504F}"
	ProjectSection(WebsiteProperties) = preProject
		Debug.AspNetCompiler.Debug = "True"
		Release.AspNetCompiler.Debug = "False"
	EndProjectSection
EndProject
Project("{FAE04EC0-301F-11D3-BF4B-00C04F79EFBC}") = "CustomizeWindowSolution.Web", "CustomizeWindowSolution.Web\CustomizeWindowSolution.Web.csproj", "{0164A67F-82BF-4FCC-8540-03D3A4D9A522}"
	ProjectSection(WebsiteProperties) = preProject
		Debug.AspNetCompiler.Debug = "True"
		Release.AspNetCompiler.Debug = "False"
	EndProjectSection
EndProject
Project("{FAE04EC0-301F-11D3-BF4B-00C04F79EFBC}") = "CustomizeWindowSolution.Win", "CustomizeWindowSolution.Win\CustomizeWindowSolution.Win.csproj", "{BD872D21-8104-473C-BAC2-D937C8F6B52B}"
	ProjectSection(WebsiteProperties) = preProject
		Debug.AspNetCompiler.Debug = "True"
		Release.AspNetCompiler.Debug = "False"
	EndProjectSection
EndProject
Global
	GlobalSection(SolutionConfigurationPlatforms) = preSolution
		Debug|Any CPU = Debug|Any CPU
		EasyTest|Any CPU = EasyTest|Any CPU
		Release|Any CPU = Release|Any CPU
	EndGlobalSection
	GlobalSection(ProjectConfigurationPlatforms) = postSolution
		{054D1953-BF69-46A2-8146-1451DC10504F}.Debug|Any CPU.ActiveCfg = Debug|Any CPU
		{054D1953-BF69-46A2-8146-1451DC10504F}.Debug|Any CPU.Build.0 = Debug|Any CPU
		{054D1953-BF69-46A2-8146-1451DC10504F}.EasyTest|Any CPU.ActiveCfg = EasyTest|Any CPU
		{054D1953-BF69-46A2-8146-1451DC10504F}.EasyTest|Any CPU.Build.0 = EasyTest|Any CPU
		{054D1953-BF69-46A2-8146-1451DC10504F}.Release|Any CPU.ActiveCfg = Release|Any CPU
		{054D1953-BF69-46A2-8146-1451DC10504F}.Release|Any CPU.Build.0 = Release|Any CPU
		{0164A67F-82BF-4FCC-8540-03D3A4D9A522}.Debug|Any CPU.ActiveCfg = Debug|Any CPU
		{0164A67F-82BF-4FCC-8540-03D3A4D9A522}.Debug|Any CPU.Build.0 = Debug|Any CPU
		{0164A67F-82BF-4FCC-8540-03D3A4D9A522}.EasyTest|Any CPU.ActiveCfg = EasyTest|Any CPU
		{0164A67F-82BF-4FCC-8540-03D3A4D9A522}.EasyTest|Any CPU.Build.0 = EasyTest|Any CPU
		{0164A67F-82BF-4FCC-8540-03D3A4D9A522}.Release|Any CPU.ActiveCfg = Release|Any CPU
		{0164A67F-82BF-4FCC-8540-03D3A4D9A522}.Release|Any CPU.Build.0 = Release|Any CPU
		{BD872D21-8104-473C-BAC2-D937C8F6B52B}.Debug|Any CPU.ActiveCfg = Debug|Any CPU
		{BD872D21-8104-473C-BAC2-D937C8F6B52B}.Debug|Any CPU.Build.0 = Debug|Any CPU
		{BD872D21-8104-473C-BAC2-D937C8F6B52B}.EasyTest|Any CPU.ActiveCfg = EasyTest|Any CPU
		{BD872D21-8104-473C-BAC2-D937C8F6B52B}.EasyTest|Any CPU.Build.0 = EasyTest|Any CPU
		{BD872D21-8104-473C-BAC2-D937C8F6B52B}.Release|Any CPU.ActiveCfg = Release|Any CPU
		{BD872D21-8104-473C-BAC2-D937C8F6B52B}.Release|Any CPU.Build.0 = Release|Any CPU
	EndGlobalSection
	GlobalSection(SolutionProperties) = preSolution
		HideSolutionNode = FALSE
	EndGlobalSection
EndGlobal
